github.com/golang-jwt/jwt/v4 v4.4.2 h1:rcc4lwaZgFMCZ5jxF9ABolDcIHdBytAFgqFPbSJQAYs=
github.com/golang-jwt/jwt/v4 v4.4.2/go.mod h1:m21LjoU+eqJr34lmDMbreY2eSTRJ1cv77w39/MY0Ch0=
github.com/golang-jwt/jwt/v4 v4.5.0 h1:7cYmW1XlMY7h7ii7UhUyChSgS5wUJEnm9uZVTGqOWzg=
github.com/golang-jwt/jwt/v4 v4.5.0/go.mod h1:m21LjoU+eqJr34lmDMbreY2eSTRJ1cv77w39/MY0Ch0=
github.com/wardviaene/golang-for-devops-course/oidc-start v0.0.0-20230427192026-65995d725ea9 h1:X0zNlJUQEWr3RNn5Jlge+Do5zjCREO9GugiN8Sm02yM=
github.com/wardviaene/golang-for-devops-course/oidc-start v0.0.0-20230427192026-65995d725ea9/go.mod h1:Lab3oQiRKDW+gCody5kYMKPx6ibnuUvkAj7GJRPJWG4=
github.com/wardviaene/golang-for-devops-course/ssh-demo v0.0.0-20220616215025-d61a2b0cee5f h1:hsbzhLUNJIwe7Kj45QVOvvVvqqMZM42NQVBtiQVWVe8=
github.com/wardviaene/golang-for-devops-course/ssh-demo v0.0.0-20220616215025-d61a2b0cee5f/go.mod h1:nMRrSdJ6buN2/nVCX4zAr1VTIzeZNqK7SgTepO1zRdA=
github.com/wardviaene/golang-for-devops-course/ssh-demo v0.0.0-20230427192026-65995d725ea9 h1:CrHuVmEQlF0PZCGFosSrCX9ObNsgD34AebDA5Ok2UMU=
github.com/wardviaene/golang-for-devops-course/ssh-demo v0.0.0-20230427192026-65995d725ea9/go.mod h1:nMRrSdJ6buN2/nVCX4zAr1VTIzeZNqK7SgTepO1zRdA=
golang.org/x/crypto v0.0.0-20220525230936-793ad666bf5e h1:T8NU3HyQ8ClP4SEE+KbFlg6n0NhuTsN4MyznaarGsZM=
golang.org/x/crypto v0.0.0-20220525230936-793ad666bf5e/go.mod h1:IxCIyHEi3zRg3s0A5j5BB6A9Jmi73HwBIUl50j+osU4=
golang.org/x/crypto v0.8.0 h1:pd9TJtTueMTVQXzk8E2XESSMQDj/U7OUu0PqJqPXQjQ=
golang.org/x/crypto v0.8.0/go.mod h1:mRqEX+O9/h5TFCrQhkgjo2yKi0yYA+9ecGkdQoHrywE=
golang.org/x/sys v0.0.0-20210615035016-665e8c7367d1 h1:SrN+KX8Art/Sf4HNj6Zcz06G7VEz+7w9tdXTPOZ7+l4=
golang.org/x/sys v0.0.0-20210615035016-665e8c7367d1/go.mod h1:oPkhp1MJrh7nUepCBck5+mAzfO9JrbApNNgaTdGDITg=
golang.org/x/sys v0.7.0 h1:3jlCCIQZPdOYu1h8BkNvLz8Kgwtae2cagcG/VamtZRU=
golang.org/x/sys v0.7.0/go.mod h1:oPkhp1MJrh7nUepCBck5+mAzfO9JrbApNNgaTdGDITg=
golang.org/x/term v0.0.0-20220526004731-065cf7ba2467 h1:CBpWXWQpIRjzmkkA+M7q9Fqnwd2mZr3AFqexg8YTfoM=
golang.org/x/term v0.0.0-20220526004731-065cf7ba2467/go.mod h1:jbD1KX2456YbFQfuXm/mYQcufACuNUgVhRMnK/tPxf8=
golang.org/x/term v0.7.0 h1:BEvjmm5fURWqcfbSKTdpkDXYBrUS1c0m8agp14W48vQ=
golang.org/x/term v0.7.0/go.mod h1:P32HKFT3hSsZrRxla30E9HqToFYAQPCMs/zFMBUFqPY=
